// !$*UTF8*$!
{
	archiveVersion = 1;
	classes = {
	};
	objectVersion = 50;
	objects = {

/* Begin PBXBuildFile section */
		309B5B6B25A0BF5900CB80EC /* AppDelegate.swift in Sources */ = {isa = PBXBuildFile; fileRef = 309B5B6A25A0BF5900CB80EC /* AppDelegate.swift */; };
		309B5B6D25A0BF5900CB80EC /* SceneDelegate.swift in Sources */ = {isa = PBXBuildFile; fileRef = 309B5B6C25A0BF5900CB80EC /* SceneDelegate.swift */; };
		309B5B6F25A0BF5900CB80EC /* ViewController.swift in Sources */ = {isa = PBXBuildFile; fileRef = 309B5B6E25A0BF5900CB80EC /* ViewController.swift */; };
		309B5B7225A0BF5900CB80EC /* Main.storyboard in Resources */ = {isa = PBXBuildFile; fileRef = 309B5B7025A0BF5900CB80EC /* Main.storyboard */; };
		309B5B7425A0BF5C00CB80EC /* Assets.xcassets in Resources */ = {isa = PBXBuildFile; fileRef = 309B5B7325A0BF5C00CB80EC /* Assets.xcassets */; };
		309B5B7725A0BF5C00CB80EC /* LaunchScreen.storyboard in Resources */ = {isa = PBXBuildFile; fileRef = 309B5B7525A0BF5C00CB80EC /* LaunchScreen.storyboard */; };
/* End PBXBuildFile section */

/* Begin PBXFileReference section */
		309B5B6725A0BF5900CB80EC /* rsb_stopwatch_ios.app */ = {isa = PBXFileReference; explicitFileType = wrapper.application; includeInIndex = 0; path = rsb_stopwatch_ios.app; sourceTree = BUILT_PRODUCTS_DIR; };
		309B5B6A25A0BF5900CB80EC /* AppDelegate.swift */ = {isa = PBXFileReference; lastKnownFileType = sourcecode.swift; path = AppDelegate.swift; sourceTree = "<group>"; };
		309B5B6C25A0BF5900CB80EC /* SceneDelegate.swift */ = {isa = PBXFileReference; lastKnownFileType = sourcecode.swift; path = SceneDelegate.swift; sourceTree = "<group>"; };
		309B5B6E25A0BF5900CB80EC /* ViewController.swift */ = {isa = PBXFileReference; lastKnownFileType = sourcecode.swift; path = ViewController.swift; sourceTree = "<group>"; };
		309B5B7125A0BF5900CB80EC /* Base */ = {isa = PBXFileReference; lastKnownFileType = file.storyboard; name = Base; path = Base.lproj/Main.storyboard; sourceTree = "<group>"; };
		309B5B7325A0BF5C00CB80EC /* Assets.xcassets */ = {isa = PBXFileReference; lastKnownFileType = folder.assetcatalog; path = Assets.xcassets; sourceTree = "<group>"; };
		309B5B7625A0BF5C00CB80EC /* Base */ = {isa = PBXFileReference; lastKnownFileType = file.storyboard; name = Base; path = Base.lproj/LaunchScreen.storyboard; sourceTree = "<group>"; };
		309B5B7825A0BF5C00CB80EC /* Info.plist */ = {isa = PBXFileReference; lastKnownFileType = text.plist.xml; path = Info.plist; sourceTree = "<group>"; };
/* End PBXFileReference section */

/* Begin PBXFrameworksBuildPhase section */
		309B5B6425A0BF5900CB80EC /* Frameworks */ = {
			isa = PBXFrameworksBuildPhase;
			buildActionMask = 2147483647;
			files = (
			);
			runOnlyForDeploymentPostprocessing = 0;
		};
/* End PBXFrameworksBuildPhase section */

/* Begin PBXGroup section */
		309B5B5E25A0BF5900CB80EC = {
			isa = PBXGroup;
			children = (
				309B5B6925A0BF5900CB80EC /* rsb_stopwatch_ios */,
				309B5B6825A0BF5900CB80EC /* Products */,
			);
			sourceTree = "<group>";
		};
		309B5B6825A0BF5900CB80EC /* Products */ = {
			isa = PBXGroup;
			children = (
				309B5B6725A0BF5900CB80EC /* rsb_stopwatch_ios.app */,
			);
			name = Products;
			sourceTree = "<group>";
		};
		309B5B6925A0BF5900CB80EC /* rsb_stopwatch_ios */ = {
			isa = PBXGroup;
			children = (
				309B5B6A25A0BF5900CB80EC /* AppDelegate.swift */,
				309B5B6C25A0BF5900CB80EC /* SceneDelegate.swift */,
				309B5B6E25A0BF5900CB80EC /* ViewController.swift */,
				309B5B7025A0BF5900CB80EC /* Main.storyboard */,
				309B5B7325A0BF5C00CB80EC /* Assets.xcassets */,
				309B5B7525A0BF5C00CB80EC /* LaunchScreen.storyboard */,
				309B5B7825A0BF5C00CB80EC /* Info.plist */,
			);
			path = rsb_stopwatch_ios;
			sourceTree = "<group>";
		};
/* End PBXGroup section */

/* Begin PBXNativeTarget section */
		309B5B6625A0BF5900CB80EC /* rsb_stopwatch_ios */ = {
			isa = PBXNativeTarget;
			buildConfigurationList = 309B5B7B25A0BF5C00CB80EC /* Build configuration list for PBXNativeTarget "rsb_stopwatch_ios" */;
			buildPhases = (
				309B5B6325A0BF5900CB80EC /* Sources */,
				309B5B6425A0BF5900CB80EC /* Frameworks */,
				309B5B6525A0BF5900CB80EC /* Resources */,
			);
			buildRules = (
			);
			dependencies = (
			);
			name = rsb_stopwatch_ios;
			productName = rsb_stopwatch_ios;
			productReference = 309B5B6725A0BF5900CB80EC /* rsb_stopwatch_ios.app */;
			productType = "com.apple.product-type.application";
		};
/* End PBXNativeTarget section */

/* Begin PBXProject section */
		309B5B5F25A0BF5900CB80EC /* Project object */ = {
			isa = PBXProject;
			attributes = {
				LastSwiftUpdateCheck = 1230;
				LastUpgradeCheck = 1230;
				TargetAttributes = {
					309B5B6625A0BF5900CB80EC = {
						CreatedOnToolsVersion = 12.3;
					};
				};
			};
			buildConfigurationList = 309B5B6225A0BF5900CB80EC /* Build configuration list for PBXProject "rsb_stopwatch_ios" */;
			compatibilityVersion = "Xcode 9.3";
			developmentRegion = en;
			hasScannedForEncodings = 0;
			knownRegions = (
				en,
				Base,
			);
			mainGroup = 309B5B5E25A0BF5900CB80EC;
			productRefGroup = 309B5B6825A0BF5900CB80EC /* Products */;
			projectDirPath = "";
			projectRoot = "";
			targets = (
				309B5B6625A0BF5900CB80EC /* rsb_stopwatch_ios */,
			);
		};
/* End PBXProject section */

/* Begin PBXResourcesBuildPhase section */
		309B5B6525A0BF5900CB80EC /* Resources */ = {
			isa = PBXResourcesBuildPhase;
			buildActionMask = 2147483647;
			files = (
				309B5B7725A0BF5C00CB80EC /* LaunchScreen.storyboard in Resources */,
				309B5B7425A0BF5C00CB80EC /* Assets.xcassets in Resources */,
				309B5B7225A0BF5900CB80EC /* Main.storyboard in Resources */,
			);
			runOnlyForDeploymentPostprocessing = 0;
		};
/* End PBXResourcesBuildPhase section */

/* Begin PBXSourcesBuildPhase section */
		309B5B6325A0BF5900CB80EC /* Sources */ = {
			isa = PBXSourcesBuildPhase;
			buildActionMask = 2147483647;
			files = (
				309B5B6F25A0BF5900CB80EC /* ViewController.swift in Sources */,
				309B5B6B25A0BF5900CB80EC /* AppDelegate.swift in Sources */,
				309B5B6D25A0BF5900CB80EC /* SceneDelegate.swift in Sources */,
			);
			runOnlyForDeploymentPostprocessing = 0;
		};
/* End PBXSourcesBuildPhase section */

/* Begin PBXVariantGroup section */
		309B5B7025A0BF5900CB80EC /* Main.storyboard */ = {
			isa = PBXVariantGroup;
			children = (
				309B5B7125A0BF5900CB80EC /* Base */,
			);
			name = Main.storyboard;
			sourceTree = "<group>";
		};
		309B5B7525A0BF5C00CB80EC /* LaunchScreen.storyboard */ = {
			isa = PBXVariantGroup;
			children = (
				309B5B7625A0BF5C00CB80EC /* Base */,
			);
			name = LaunchScreen.storyboard;
			sourceTree = "<group>";
		};
/* End PBXVariantGroup section */

/* Begin XCBuildConfiguration section */
		309B5B7925A0BF5C00CB80EC /* Debug */ = {
			isa = XCBuildConfiguration;
			buildSettings = {
				ALWAYS_SEARCH_USER_PATHS = NO;
				CLANG_ANALYZER_NONNULL = YES;
				CLANG_ANALYZER_NUMBER_OBJECT_CONVERSION = YES_AGGRESSIVE;
				CLANG_CXX_LANGUAGE_STANDARD = "gnu++14";
				CLANG_CXX_LIBRARY = "libc++";
				CLANG_ENABLE_MODULES = YES;
				CLANG_ENABLE_OBJC_ARC = YES;
				CLANG_ENABLE_OBJC_WEAK = YES;
				CLANG_WARN_BLOCK_CAPTURE_AUTORELEASING = YES;
				CLANG_WARN_BOOL_CONVERSION = YES;
				CLANG_WARN_COMMA = YES;
				CLANG_WARN_CONSTANT_CONVERSION = YES;
				CLANG_WARN_DEPRECATED_OBJC_IMPLEMENTATIONS = YES;
				CLANG_WARN_DIRECT_OBJC_ISA_USAGE = YES_ERROR;
				CLANG_WARN_DOCUMENTATION_COMMENTS = YES;
				CLANG_WARN_EMPTY_BODY = YES;
				CLANG_WARN_ENUM_CONVERSION = YES;
				CLANG_WARN_INFINITE_RECURSION = YES;
				CLANG_WARN_INT_CONVERSION = YES;
				CLANG_WARN_NON_LITERAL_NULL_CONVERSION = YES;
				CLANG_WARN_OBJC_IMPLICIT_RETAIN_SELF = YES;
				CLANG_WARN_OBJC_LITERAL_CONVERSION = YES;
				CLANG_WARN_OBJC_ROOT_CLASS = YES_ERROR;
				CLANG_WARN_QUOTED_INCLUDE_IN_FRAMEWORK_HEADER = YES;
				CLANG_WARN_RANGE_LOOP_ANALYSIS = YES;
				CLANG_WARN_STRICT_PROTOTYPES = YES;
				CLANG_WARN_SUSPICIOUS_MOVE = YES;
				CLANG_WARN_UNGUARDED_AVAILABILITY = YES_AGGRESSIVE;
				CLANG_WARN_UNREACHABLE_CODE = YES;
				CLANG_WARN__DUPLICATE_METHOD_MATCH = YES;
				COPY_PHASE_STRIP = NO;
				DEBUG_INFORMATION_FORMAT = dwarf;
				ENABLE_STRICT_OBJC_MSGSEND = YES;
				ENABLE_TESTABILITY = YES;
				GCC_C_LANGUAGE_STANDARD = gnu11;
				GCC_DYNAMIC_NO_PIC = NO;
				GCC_NO_COMMON_BLOCKS = YES;
				GCC_OPTIMIZATION_LEVEL = 0;
				GCC_PREPROCESSOR_DEFINITIONS = (
					"DEBUG=1",
					"$(inherited)",
				);
				GCC_WARN_64_TO_32_BIT_CONVERSION = YES;
				GCC_WARN_ABOUT_RETURN_TYPE = YES_ERROR;
				GCC_WARN_UNDECLARED_SELECTOR = YES;
				GCC_WARN_UNINITIALIZED_AUTOS = YES_AGGRESSIVE;
				GCC_WARN_UNUSED_FUNCTION = YES;
				GCC_WARN_UNUSED_VARIABLE = YES;
				IPHONEOS_DEPLOYMENT_TARGET = 14.3;
				MTL_ENABLE_DEBUG_INFO = INCLUDE_SOURCE;
				MTL_FAST_MATH = YES;
				ONLY_ACTIVE_ARCH = YES;
				SDKROOT = iphoneos;
				SWIFT_ACTIVE_COMPILATION_CONDITIONS = DEBUG;
				SWIFT_OPTIMIZATION_LEVEL = "-Onone";
			};
			name = Debug;
		};
		309B5B7A25A0BF5C00CB80EC /* Release */ = {
			isa = XCBuildConfiguration;
			buildSettings = {
				ALWAYS_SEARCH_USER_PATHS = NO;
				CLANG_ANALYZER_NONNULL = YES;
				CLANG_ANALYZER_NUMBER_OBJECT_CONVERSION = YES_AGGRESSIVE;
				CLANG_CXX_LANGUAGE_STANDARD = "gnu++14";
				CLANG_CXX_LIBRARY = "libc++";
				CLANG_ENABLE_MODULES = YES;
				CLANG_ENABLE_OBJC_ARC = YES;
				CLANG_ENABLE_OBJC_WEAK = YES;
				CLANG_WARN_BLOCK_CAPTURE_AUTORELEASING = YES;
				CLANG_WARN_BOOL_CONVERSION = YES;
				CLANG_WARN_COMMA = YES;
				CLANG_WARN_CONSTANT_CONVERSION = YES;
				CLANG_WARN_DEPRECATED_OBJC_IMPLEMENTATIONS = YES;
				CLANG_WARN_DIRECT_OBJC_ISA_USAGE = YES_ERROR;
				CLANG_WARN_DOCUMENTATION_COMMENTS = YES;
				CLANG_WARN_EMPTY_BODY = YES;
				CLANG_WARN_ENUM_CONVERSION = YES;
				CLANG_WARN_INFINITE_RECURSION = YES;
				CLANG_WARN_INT_CONVERSION = YES;
				CLANG_WARN_NON_LITERAL_NULL_CONVERSION = YES;
				CLANG_WARN_OBJC_IMPLICIT_RETAIN_SELF = YES;
				CLANG_WARN_OBJC_LITERAL_CONVERSION = YES;
				CLANG_WARN_OBJC_ROOT_CLASS = YES_ERROR;
				CLANG_WARN_QUOTED_INCLUDE_IN_FRAMEWORK_HEADER = YES;
				CLANG_WARN_RANGE_LOOP_ANALYSIS = YES;
				CLANG_WARN_STRICT_PROTOTYPES = YES;
				CLANG_WARN_SUSPICIOUS_MOVE = YES;
				CLANG_WARN_UNGUARDED_AVAILABILITY = YES_AGGRESSIVE;
				CLANG_WARN_UNREACHABLE_CODE = YES;
				CLANG_WARN__DUPLICATE_METHOD_MATCH = YES;
				COPY_PHASE_STRIP = NO;
				DEBUG_INFORMATION_FORMAT = "dwarf-with-dsym";
				ENABLE_NS_ASSERTIONS = NO;
				ENABLE_STRICT_OBJC_MSGSEND = YES;
				GCC_C_LANGUAGE_STANDARD = gnu11;
				GCC_NO_COMMON_BLOCKS = YES;
				GCC_WARN_64_TO_32_BIT_CONVERSION = YES;
				GCC_WARN_ABOUT_RETURN_TYPE = YES_ERROR;
				GCC_WARN_UNDECLARED_SELECTOR = YES;
				GCC_WARN_UNINITIALIZED_AUTOS = YES_AGGRESSIVE;
				GCC_WARN_UNUSED_FUNCTION = YES;
				GCC_WARN_UNUSED_VARIABLE = YES;
				IPHONEOS_DEPLOYMENT_TARGET = 14.3;
				MTL_ENABLE_DEBUG_INFO = NO;
				MTL_FAST_MATH = YES;
				SDKROOT = iphoneos;
				SWIFT_COMPILATION_MODE = wholemodule;
				SWIFT_OPTIMIZATION_LEVEL = "-O";
				VALIDATE_PRODUCT = YES;
			};
			name = Release;
		};
		309B5B7C25A0BF5C00CB80EC /* Debug */ = {
			isa = XCBuildConfiguration;
			buildSettings = {
				ASSETCATALOG_COMPILER_APPICON_NAME = AppIcon;
				ASSETCATALOG_COMPILER_GLOBAL_ACCENT_COLOR_NAME = AccentColor;
				CODE_SIGN_STYLE = Automatic;
				DEVELOPMENT_TEAM = P3HJAZRP24;
				INFOPLIST_FILE = rsb_stopwatch_ios/Info.plist;
				IPHONEOS_DEPLOYMENT_TARGET = 13.0;
				LD_RUNPATH_SEARCH_PATHS = (
					"$(inherited)",
					"@executable_path/Frameworks",
				);
				PRODUCT_BUNDLE_IDENTIFIER = "ru.romanbrazhnikov.rsb-stopwatch-ios";
				PRODUCT_NAME = "$(TARGET_NAME)";
				SWIFT_VERSION = 5.0;
				TARGETED_DEVICE_FAMILY = "1,2";
			};
			name = Debug;
		};
		309B5B7D25A0BF5C00CB80EC /* Release */ = {
			isa = XCBuildConfiguration;
			buildSettings = {
				ASSETCATALOG_COMPILER_APPICON_NAME = AppIcon;
				ASSETCATALOG_COMPILER_GLOBAL_ACCENT_COLOR_NAME = AccentColor;
				CODE_SIGN_STYLE = Automatic;
				DEVELOPMENT_TEAM = P3HJAZRP24;
				INFOPLIST_FILE = rsb_stopwatch_ios/Info.plist;
				IPHONEOS_DEPLOYMENT_TARGET = 13.0;
				LD_RUNPATH_SEARCH_PATHS = (
					"$(inherited)",
					"@executable_path/Frameworks",
				);
				PRODUCT_BUNDLE_IDENTIFIER = "ru.romanbrazhnikov.rsb-stopwatch-ios";
				PRODUCT_NAME = "$(TARGET_NAME)";
				SWIFT_VERSION = 5.0;
				TARGETED_DEVICE_FAMILY = "1,2";
			};
			name = Release;
		};
/* End XCBuildConfiguration section */

/* Begin XCConfigurationList section */
		309B5B6225A0BF5900CB80EC /* Build configuration list for PBXProject "rsb_stopwatch_ios" */ = {
			isa = XCConfigurationList;
			buildConfigurations = (
				309B5B7925A0BF5C00CB80EC /* Debug */,
				309B5B7A25A0BF5C00CB80EC /* Release */,
			);
			defaultConfigurationIsVisible = 0;
			defaultConfigurationName = Release;
		};
		309B5B7B25A0BF5C00CB80EC /* Build configuration list for PBXNativeTarget "rsb_stopwatch_ios" */ = {
			isa = XCConfigurationList;
			buildConfigurations = (
				309B5B7C25A0BF5C00CB80EC /* Debug */,
				309B5B7D25A0BF5C00CB80EC /* Release */,
			);
			defaultConfigurationIsVisible = 0;
			defaultConfigurationName = Release;
		};
/* End XCConfigurationList section */
	};
	rootObject = 309B5B5F25A0BF5900CB80EC /* Project object */;
}
